
Microsoft Visual Studio Solution File, Format Version 12.00
# Visual Studio Version 16
VisualStudioVersion = 16.0.31105.61
MinimumVisualStudioVersion = 10.0.40219.1
Project("{FAE04EC0-301F-11D3-BF4B-00C04F79EFBC}") = "Library management", "Library management\Library management.csproj", "{36FE7C84-F9D0-4A16-9F32-8A915B7000E2}"
EndProject
Global
	GlobalSection(SolutionConfigurationPlatforms) = preSolution
		Debug|Any CPU = Debug|Any CPU
		Release|Any CPU = Release|Any CPU
	EndGlobalSection
	GlobalSection(ProjectConfigurationPlatforms) = postSolution
		{36FE7C84-F9D0-4A16-9F32-8A915B7000E2}.Debug|Any CPU.ActiveCfg = Debug|Any CPU
		{36FE7C84-F9D0-4A16-9F32-8A915B7000E2}.Debug|Any CPU.Build.0 = Debug|Any CPU
		{36FE7C84-F9D0-4A16-9F32-8A915B7000E2}.Release|Any CPU.ActiveCfg = Release|Any CPU
		{36FE7C84-F9D0-4A16-9F32-8A915B7000E2}.Release|Any CPU.Build.0 = Release|Any CPU
	EndGlobalSection
	GlobalSection(SolutionProperties) = preSolution
		HideSolutionNode = FALSE
	EndGlobalSection
	GlobalSection(ExtensibilityGlobals) = postSolution
		SolutionGuid = {36BE8E8A-EDEF-4E6F-BC18-64A6F0E79C87}
	EndGlobalSection
EndGlobal
